
Microsoft Visual Studio Solution File, Format Version 12.00
# Visual Studio Version 17
VisualStudioVersion = 17.1.32421.90
MinimumVisualStudioVersion = 10.0.40219.1
Project("{9A19103F-16F7-4668-BE54-9A1E7A4F7556}") = "Livraria.Api", "Livraria.Api\Livraria.Api.csproj", "{1882BB5C-4250-40B2-B059-FDDF61EAE799}"
EndProject
Project("{2150E333-8FDC-42A3-9474-1A3956D46DE8}") = "src", "src", "{D9E78730-B8C1-4140-87D9-F27C96197EBC}"
EndProject
Project("{9A19103F-16F7-4668-BE54-9A1E7A4F7556}") = "Livraria.Domain", "Livraria.Domain\Livraria.Domain.csproj", "{14269494-2864-4871-B2CA-E9A4B68830C1}"
EndProject
Project("{9A19103F-16F7-4668-BE54-9A1E7A4F7556}") = "Livraria.Data", "Livraria.Data\Livraria.Data.csproj", "{EAEF922D-5B57-4820-8507-8961A0855652}"
EndProject
Project("{FAE04EC0-301F-11D3-BF4B-00C04F79EFBC}") = "Livraria.IoC", "Livraria.IoC\Livraria.IoC.csproj", "{67A1983F-A89C-4E46-B930-BA4F67942D65}"
EndProject
Project("{FAE04EC0-301F-11D3-BF4B-00C04F79EFBC}") = "Livraria.Application", "Livraria.Application\Livraria.Application.csproj", "{EF0E5FA3-50FB-4CAE-B1EA-CF74F1F467CF}"
EndProject
Global
	GlobalSection(SolutionConfigurationPlatforms) = preSolution
		Debug|Any CPU = Debug|Any CPU
		Release|Any CPU = Release|Any CPU
	EndGlobalSection
	GlobalSection(ProjectConfigurationPlatforms) = postSolution
		{1882BB5C-4250-40B2-B059-FDDF61EAE799}.Debug|Any CPU.ActiveCfg = Debug|Any CPU
		{1882BB5C-4250-40B2-B059-FDDF61EAE799}.Debug|Any CPU.Build.0 = Debug|Any CPU
		{1882BB5C-4250-40B2-B059-FDDF61EAE799}.Release|Any CPU.ActiveCfg = Release|Any CPU
		{1882BB5C-4250-40B2-B059-FDDF61EAE799}.Release|Any CPU.Build.0 = Release|Any CPU
		{14269494-2864-4871-B2CA-E9A4B68830C1}.Debug|Any CPU.ActiveCfg = Debug|Any CPU
		{14269494-2864-4871-B2CA-E9A4B68830C1}.Debug|Any CPU.Build.0 = Debug|Any CPU
		{14269494-2864-4871-B2CA-E9A4B68830C1}.Release|Any CPU.ActiveCfg = Release|Any CPU
		{14269494-2864-4871-B2CA-E9A4B68830C1}.Release|Any CPU.Build.0 = Release|Any CPU
		{EAEF922D-5B57-4820-8507-8961A0855652}.Debug|Any CPU.ActiveCfg = Debug|Any CPU
		{EAEF922D-5B57-4820-8507-8961A0855652}.Debug|Any CPU.Build.0 = Debug|Any CPU
		{EAEF922D-5B57-4820-8507-8961A0855652}.Release|Any CPU.ActiveCfg = Release|Any CPU
		{EAEF922D-5B57-4820-8507-8961A0855652}.Release|Any CPU.Build.0 = Release|Any CPU
		{67A1983F-A89C-4E46-B930-BA4F67942D65}.Debug|Any CPU.ActiveCfg = Debug|Any CPU
		{67A1983F-A89C-4E46-B930-BA4F67942D65}.Debug|Any CPU.Build.0 = Debug|Any CPU
		{67A1983F-A89C-4E46-B930-BA4F67942D65}.Release|Any CPU.ActiveCfg = Release|Any CPU
		{67A1983F-A89C-4E46-B930-BA4F67942D65}.Release|Any CPU.Build.0 = Release|Any CPU
		{EF0E5FA3-50FB-4CAE-B1EA-CF74F1F467CF}.Debug|Any CPU.ActiveCfg = Debug|Any CPU
		{EF0E5FA3-50FB-4CAE-B1EA-CF74F1F467CF}.Debug|Any CPU.Build.0 = Debug|Any CPU
		{EF0E5FA3-50FB-4CAE-B1EA-CF74F1F467CF}.Release|Any CPU.ActiveCfg = Release|Any CPU
		{EF0E5FA3-50FB-4CAE-B1EA-CF74F1F467CF}.Release|Any CPU.Build.0 = Release|Any CPU
	EndGlobalSection
	GlobalSection(SolutionProperties) = preSolution
		HideSolutionNode = FALSE
	EndGlobalSection
	GlobalSection(NestedProjects) = preSolution
		{1882BB5C-4250-40B2-B059-FDDF61EAE799} = {D9E78730-B8C1-4140-87D9-F27C96197EBC}
		{14269494-2864-4871-B2CA-E9A4B68830C1} = {D9E78730-B8C1-4140-87D9-F27C96197EBC}
		{EAEF922D-5B57-4820-8507-8961A0855652} = {D9E78730-B8C1-4140-87D9-F27C96197EBC}
		{67A1983F-A89C-4E46-B930-BA4F67942D65} = {D9E78730-B8C1-4140-87D9-F27C96197EBC}
		{EF0E5FA3-50FB-4CAE-B1EA-CF74F1F467CF} = {D9E78730-B8C1-4140-87D9-F27C96197EBC}
	EndGlobalSection
	GlobalSection(ExtensibilityGlobals) = postSolution
		SolutionGuid = {BC52F6E2-6D79-48FE-8BC2-3979AE5A1600}
	EndGlobalSection
EndGlobal
